{
  "name": "@signalk/udp-nmea-plugin",
  "version": "1.2.2",
  "lockfileVersion": 1,
  "requires": true,
  "dependencies": {
    "netmask": {
      "version": "2.0.1",
      "resolved": "https://registry.npmjs.org/netmask/-/netmask-2.0.1.tgz",
      "integrity": "sha512-gB8eG6ubxz67c7O2gaGiyWdRUIbH61q7anjgueDqCC9kvIs/b4CTtCMaQKeJbv1/Y7FT19I4zKwYmjnjInRQsg=="
    }
  }
}
